
Microsoft Visual Studio Solution File, Format Version 12.00
# Visual Studio Version 17
VisualStudioVersion = 17.8.34330.188
MinimumVisualStudioVersion = 10.0.40219.1
Project("{FAE04EC0-301F-11D3-BF4B-00C04F79EFBC}") = "ASPNETMVCCRUD", "ASPNETMVCCRUD\ASPNETMVCCRUD.csproj", "{009E9044-7A0B-4120-B32B-250B5C762B1A}"
EndProject
Global
	GlobalSection(SolutionConfigurationPlatforms) = preSolution
		Debug|Any CPU = Debug|Any CPU
		Release|Any CPU = Release|Any CPU
	EndGlobalSection
	GlobalSection(ProjectConfigurationPlatforms) = postSolution
		{009E9044-7A0B-4120-B32B-250B5C762B1A}.Debug|Any CPU.ActiveCfg = Debug|Any CPU
		{009E9044-7A0B-4120-B32B-250B5C762B1A}.Debug|Any CPU.Build.0 = Debug|Any CPU
		{009E9044-7A0B-4120-B32B-250B5C762B1A}.Release|Any CPU.ActiveCfg = Release|Any CPU
		{009E9044-7A0B-4120-B32B-250B5C762B1A}.Release|Any CPU.Build.0 = Release|Any CPU
	EndGlobalSection
	GlobalSection(SolutionProperties) = preSolution
		HideSolutionNode = FALSE
	EndGlobalSection
	GlobalSection(ExtensibilityGlobals) = postSolution
		SolutionGuid = {99B7B7A4-4644-4C59-841D-684E57570E5D}
	EndGlobalSection
EndGlobal
